// !$*UTF8*$!
{
	archiveVersion = 1;
	classes = {
	};
	objectVersion = 46;
	objects = {

/* Begin PBXBuildFile section */
		8896BBA920878199001F504F /* AppDelegate.swift in Sources */ = {isa = PBXBuildFile; fileRef = 8896BBA820878199001F504F /* AppDelegate.swift */; };
		8896BBAB20878199001F504F /* ViewController.swift in Sources */ = {isa = PBXBuildFile; fileRef = 8896BBAA20878199001F504F /* ViewController.swift */; };
		8896BBAE20878199001F504F /* Main.storyboard in Resources */ = {isa = PBXBuildFile; fileRef = 8896BBAC20878199001F504F /* Main.storyboard */; };
		8896BBB020878199001F504F /* Assets.xcassets in Resources */ = {isa = PBXBuildFile; fileRef = 8896BBAF20878199001F504F /* Assets.xcassets */; };
		8896BBB320878199001F504F /* LaunchScreen.storyboard in Resources */ = {isa = PBXBuildFile; fileRef = 8896BBB120878199001F504F /* LaunchScreen.storyboard */; };
		889ABBCA208A22D3006F94E4 /* Localizable.strings in Resources */ = {isa = PBXBuildFile; fileRef = 889ABBCC208A22D3006F94E4 /* Localizable.strings */; };
/* End PBXBuildFile section */

/* Begin PBXFileReference section */
		8896BBA520878199001F504F /* appinicial.app */ = {isa = PBXFileReference; explicitFileType = wrapper.application; includeInIndex = 0; path = appinicial.app; sourceTree = BUILT_PRODUCTS_DIR; };
		8896BBA820878199001F504F /* AppDelegate.swift */ = {isa = PBXFileReference; lastKnownFileType = sourcecode.swift; path = AppDelegate.swift; sourceTree = "<group>"; };
		8896BBAA20878199001F504F /* ViewController.swift */ = {isa = PBXFileReference; lastKnownFileType = sourcecode.swift; path = ViewController.swift; sourceTree = "<group>"; };
		8896BBAD20878199001F504F /* Base */ = {isa = PBXFileReference; lastKnownFileType = file.storyboard; name = Base; path = Base.lproj/Main.storyboard; sourceTree = "<group>"; };
		8896BBAF20878199001F504F /* Assets.xcassets */ = {isa = PBXFileReference; lastKnownFileType = folder.assetcatalog; path = Assets.xcassets; sourceTree = "<group>"; };
		8896BBB220878199001F504F /* Base */ = {isa = PBXFileReference; lastKnownFileType = file.storyboard; name = Base; path = Base.lproj/LaunchScreen.storyboard; sourceTree = "<group>"; };
		8896BBB420878199001F504F /* Info.plist */ = {isa = PBXFileReference; lastKnownFileType = text.plist.xml; path = Info.plist; sourceTree = "<group>"; };
		889ABBC9208A2295006F94E4 /* pt-PT */ = {isa = PBXFileReference; lastKnownFileType = text.plist.strings; name = "pt-PT"; path = "pt-PT.lproj/Main.strings"; sourceTree = "<group>"; };
		889ABBCB208A22D3006F94E4 /* pt-PT */ = {isa = PBXFileReference; lastKnownFileType = text.plist.strings; name = "pt-PT"; path = "pt-PT.lproj/Localizable.strings"; sourceTree = "<group>"; };
		889ABBCD208A22D9006F94E4 /* Base */ = {isa = PBXFileReference; lastKnownFileType = text.plist.strings; name = Base; path = Base.lproj/Localizable.strings; sourceTree = "<group>"; };
/* End PBXFileReference section */

/* Begin PBXFrameworksBuildPhase section */
		8896BBA220878198001F504F /* Frameworks */ = {
			isa = PBXFrameworksBuildPhase;
			buildActionMask = 2147483647;
			files = (
			);
			runOnlyForDeploymentPostprocessing = 0;
		};
/* End PBXFrameworksBuildPhase section */

/* Begin PBXGroup section */
		8896BB9C20878198001F504F = {
			isa = PBXGroup;
			children = (
				8896BBA720878199001F504F /* appinicial */,
				8896BBA620878199001F504F /* Products */,
			);
			sourceTree = "<group>";
		};
		8896BBA620878199001F504F /* Products */ = {
			isa = PBXGroup;
			children = (
				8896BBA520878199001F504F /* appinicial.app */,
			);
			name = Products;
			sourceTree = "<group>";
		};
		8896BBA720878199001F504F /* appinicial */ = {
			isa = PBXGroup;
			children = (
				8896BBA820878199001F504F /* AppDelegate.swift */,
				8896BBAA20878199001F504F /* ViewController.swift */,
				8896BBAC20878199001F504F /* Main.storyboard */,
				8896BBAF20878199001F504F /* Assets.xcassets */,
				8896BBB120878199001F504F /* LaunchScreen.storyboard */,
				8896BBB420878199001F504F /* Info.plist */,
				889ABBCC208A22D3006F94E4 /* Localizable.strings */,
			);
			path = appinicial;
			sourceTree = "<group>";
		};
/* End PBXGroup section */

/* Begin PBXNativeTarget section */
		8896BBA420878198001F504F /* appinicial */ = {
			isa = PBXNativeTarget;
			buildConfigurationList = 8896BBB720878199001F504F /* Build configuration list for PBXNativeTarget "appinicial" */;
			buildPhases = (
				8896BBA120878198001F504F /* Sources */,
				8896BBA220878198001F504F /* Frameworks */,
				8896BBA320878198001F504F /* Resources */,
			);
			buildRules = (
			);
			dependencies = (
			);
			name = appinicial;
			productName = appinicial;
			productReference = 8896BBA520878199001F504F /* appinicial.app */;
			productType = "com.apple.product-type.application";
		};
/* End PBXNativeTarget section */

/* Begin PBXProject section */
		8896BB9D20878198001F504F /* Project object */ = {
			isa = PBXProject;
			attributes = {
				LastSwiftUpdateCheck = 0830;
				LastUpgradeCheck = 0830;
				ORGANIZATIONNAME = ipvc.estg;
				TargetAttributes = {
					8896BBA420878198001F504F = {
						CreatedOnToolsVersion = 8.3.1;
						ProvisioningStyle = Manual;
					};
				};
			};
			buildConfigurationList = 8896BBA020878198001F504F /* Build configuration list for PBXProject "appinicial" */;
			compatibilityVersion = "Xcode 3.2";
			developmentRegion = English;
			hasScannedForEncodings = 0;
			knownRegions = (
				en,
				Base,
			);
			mainGroup = 8896BB9C20878198001F504F;
			productRefGroup = 8896BBA620878199001F504F /* Products */;
			projectDirPath = "";
			projectRoot = "";
			targets = (
				8896BBA420878198001F504F /* appinicial */,
			);
		};
/* End PBXProject section */

/* Begin PBXResourcesBuildPhase section */
		8896BBA320878198001F504F /* Resources */ = {
			isa = PBXResourcesBuildPhase;
			buildActionMask = 2147483647;
			files = (
				8896BBB320878199001F504F /* LaunchScreen.storyboard in Resources */,
				889ABBCA208A22D3006F94E4 /* Localizable.strings in Resources */,
				8896BBB020878199001F504F /* Assets.xcassets in Resources */,
				8896BBAE20878199001F504F /* Main.storyboard in Resources */,
			);
			runOnlyForDeploymentPostprocessing = 0;
		};
/* End PBXResourcesBuildPhase section */

/* Begin PBXSourcesBuildPhase section */
		8896BBA120878198001F504F /* Sources */ = {
			isa = PBXSourcesBuildPhase;
			buildActionMask = 2147483647;
			files = (
				8896BBAB20878199001F504F /* ViewController.swift in Sources */,
				8896BBA920878199001F504F /* AppDelegate.swift in Sources */,
			);
			runOnlyForDeploymentPostprocessing = 0;
		};
/* End PBXSourcesBuildPhase section */

/* Begin PBXVariantGroup section */
		8896BBAC20878199001F504F /* Main.storyboard */ = {
			isa = PBXVariantGroup;
			children = (
				8896BBAD20878199001F504F /* Base */,
				889ABBC9208A2295006F94E4 /* pt-PT */,
			);
			name = Main.storyboard;
			sourceTree = "<group>";
		};
		8896BBB120878199001F504F /* LaunchScreen.storyboard */ = {
			isa = PBXVariantGroup;
			children = (
				8896BBB220878199001F504F /* Base */,
			);
			name = LaunchScreen.storyboard;
			sourceTree = "<group>";
		};
		889ABBCC208A22D3006F94E4 /* Localizable.strings */ = {
			isa = PBXVariantGroup;
			children = (
				889ABBCB208A22D3006F94E4 /* pt-PT */,
				889ABBCD208A22D9006F94E4 /* Base */,
			);
			name = Localizable.strings;
			sourceTree = "<group>";
		};
/* End PBXVariantGroup section */

/* Begin XCBuildConfiguration section */
		8896BBB520878199001F504F /* Debug */ = {
			isa = XCBuildConfiguration;
			buildSettings = {
				ALWAYS_SEARCH_USER_PATHS = NO;
				CLANG_ANALYZER_LOCALIZABILITY_NONLOCALIZED = YES;
				CLANG_ANALYZER_NONNULL = YES;
				CLANG_ANALYZER_NUMBER_OBJECT_CONVERSION = YES_AGGRESSIVE;
				CLANG_CXX_LANGUAGE_STANDARD = "gnu++0x";
				CLANG_CXX_LIBRARY = "libc++";
				CLANG_ENABLE_MODULES = YES;
				CLANG_ENABLE_OBJC_ARC = YES;
				CLANG_WARN_BOOL_CONVERSION = YES;
				CLANG_WARN_CONSTANT_CONVERSION = YES;
				CLANG_WARN_DIRECT_OBJC_ISA_USAGE = YES_ERROR;
				CLANG_WARN_DOCUMENTATION_COMMENTS = YES;
				CLANG_WARN_EMPTY_BODY = YES;
				CLANG_WARN_ENUM_CONVERSION = YES;
				CLANG_WARN_INFINITE_RECURSION = YES;
				CLANG_WARN_INT_CONVERSION = YES;
				CLANG_WARN_OBJC_ROOT_CLASS = YES_ERROR;
				CLANG_WARN_SUSPICIOUS_MOVE = YES;
				CLANG_WARN_UNREACHABLE_CODE = YES;
				CLANG_WARN__DUPLICATE_METHOD_MATCH = YES;
				"CODE_SIGN_IDENTITY[sdk=iphoneos*]" = "iPhone Developer";
				COPY_PHASE_STRIP = NO;
				DEBUG_INFORMATION_FORMAT = dwarf;
				ENABLE_STRICT_OBJC_MSGSEND = YES;
				ENABLE_TESTABILITY = YES;
				GCC_C_LANGUAGE_STANDARD = gnu99;
				GCC_DYNAMIC_NO_PIC = NO;
				GCC_NO_COMMON_BLOCKS = YES;
				GCC_OPTIMIZATION_LEVEL = 0;
				GCC_PREPROCESSOR_DEFINITIONS = (
					"DEBUG=1",
					"$(inherited)",
				);
				GCC_WARN_64_TO_32_BIT_CONVERSION = YES;
				GCC_WARN_ABOUT_RETURN_TYPE = YES_ERROR;
				GCC_WARN_UNDECLARED_SELECTOR = YES;
				GCC_WARN_UNINITIALIZED_AUTOS = YES_AGGRESSIVE;
				GCC_WARN_UNUSED_FUNCTION = YES;
				GCC_WARN_UNUSED_VARIABLE = YES;
				IPHONEOS_DEPLOYMENT_TARGET = 10.3;
				MTL_ENABLE_DEBUG_INFO = YES;
				ONLY_ACTIVE_ARCH = YES;
				SDKROOT = iphoneos;
				SWIFT_ACTIVE_COMPILATION_CONDITIONS = DEBUG;
				SWIFT_OPTIMIZATION_LEVEL = "-Onone";
				TARGETED_DEVICE_FAMILY = "1,2";
			};
			name = Debug;
		};
		8896BBB620878199001F504F /* Release */ = {
			isa = XCBuildConfiguration;
			buildSettings = {
				ALWAYS_SEARCH_USER_PATHS = NO;
				CLANG_ANALYZER_LOCALIZABILITY_NONLOCALIZED = YES;
				CLANG_ANALYZER_NONNULL = YES;
				CLANG_ANALYZER_NUMBER_OBJECT_CONVERSION = YES_AGGRESSIVE;
				CLANG_CXX_LANGUAGE_STANDARD = "gnu++0x";
				CLANG_CXX_LIBRARY = "libc++";
				CLANG_ENABLE_MODULES = YES;
				CLANG_ENABLE_OBJC_ARC = YES;
				CLANG_WARN_BOOL_CONVERSION = YES;
				CLANG_WARN_CONSTANT_CONVERSION = YES;
				CLANG_WARN_DIRECT_OBJC_ISA_USAGE = YES_ERROR;
				CLANG_WARN_DOCUMENTATION_COMMENTS = YES;
				CLANG_WARN_EMPTY_BODY = YES;
				CLANG_WARN_ENUM_CONVERSION = YES;
				CLANG_WARN_INFINITE_RECURSION = YES;
				CLANG_WARN_INT_CONVERSION = YES;
				CLANG_WARN_OBJC_ROOT_CLASS = YES_ERROR;
				CLANG_WARN_SUSPICIOUS_MOVE = YES;
				CLANG_WARN_UNREACHABLE_CODE = YES;
				CLANG_WARN__DUPLICATE_METHOD_MATCH = YES;
				"CODE_SIGN_IDENTITY[sdk=iphoneos*]" = "iPhone Developer";
				COPY_PHASE_STRIP = NO;
				DEBUG_INFORMATION_FORMAT = "dwarf-with-dsym";
				ENABLE_NS_ASSERTIONS = NO;
				ENABLE_STRICT_OBJC_MSGSEND = YES;
				GCC_C_LANGUAGE_STANDARD = gnu99;
				GCC_NO_COMMON_BLOCKS = YES;
				GCC_WARN_64_TO_32_BIT_CONVERSION = YES;
				GCC_WARN_ABOUT_RETURN_TYPE = YES_ERROR;
				GCC_WARN_UNDECLARED_SELECTOR = YES;
				GCC_WARN_UNINITIALIZED_AUTOS = YES_AGGRESSIVE;
				GCC_WARN_UNUSED_FUNCTION = YES;
				GCC_WARN_UNUSED_VARIABLE = YES;
				IPHONEOS_DEPLOYMENT_TARGET = 10.3;
				MTL_ENABLE_DEBUG_INFO = NO;
				SDKROOT = iphoneos;
				SWIFT_OPTIMIZATION_LEVEL = "-Owholemodule";
				TARGETED_DEVICE_FAMILY = "1,2";
				VALIDATE_PRODUCT = YES;
			};
			name = Release;
		};
		8896BBB820878199001F504F /* Debug */ = {
			isa = XCBuildConfiguration;
			buildSettings = {
				ASSETCATALOG_COMPILER_APPICON_NAME = AppIcon;
				DEVELOPMENT_TEAM = "";
				INFOPLIST_FILE = appinicial/Info.plist;
				LD_RUNPATH_SEARCH_PATHS = "$(inherited) @executable_path/Frameworks";
				PRODUCT_BUNDLE_IDENTIFIER = ipvc.estg.appinicial;
				PRODUCT_NAME = "$(TARGET_NAME)";
				PROVISIONING_PROFILE_SPECIFIER = "";
				SWIFT_VERSION = 3.0;
			};
			name = Debug;
		};
		8896BBB920878199001F504F /* Release */ = {
			isa = XCBuildConfiguration;
			buildSettings = {
				ASSETCATALOG_COMPILER_APPICON_NAME = AppIcon;
				DEVELOPMENT_TEAM = "";
				INFOPLIST_FILE = appinicial/Info.plist;
				LD_RUNPATH_SEARCH_PATHS = "$(inherited) @executable_path/Frameworks";
				PRODUCT_BUNDLE_IDENTIFIER = ipvc.estg.appinicial;
				PRODUCT_NAME = "$(TARGET_NAME)";
				PROVISIONING_PROFILE_SPECIFIER = "";
				SWIFT_VERSION = 3.0;
			};
			name = Release;
		};
/* End XCBuildConfiguration section */

/* Begin XCConfigurationList section */
		8896BBA020878198001F504F /* Build configuration list for PBXProject "appinicial" */ = {
			isa = XCConfigurationList;
			buildConfigurations = (
				8896BBB520878199001F504F /* Debug */,
				8896BBB620878199001F504F /* Release */,
			);
			defaultConfigurationIsVisible = 0;
			defaultConfigurationName = Release;
		};
		8896BBB720878199001F504F /* Build configuration list for PBXNativeTarget "appinicial" */ = {
			isa = XCConfigurationList;
			buildConfigurations = (
				8896BBB820878199001F504F /* Debug */,
				8896BBB920878199001F504F /* Release */,
			);
			defaultConfigurationIsVisible = 0;
			defaultConfigurationName = Release;
		};
/* End XCConfigurationList section */
	};
	rootObject = 8896BB9D20878198001F504F /* Project object */;
}
