// !$*UTF8*$!
{
	archiveVersion = 1;
	classes = {
	};
	objectVersion = 46;
	objects = {

/* Begin PBXBuildFile section */
		88A8476D20A5D59000C2A520 /* AppDelegate.swift in Sources */ = {isa = PBXBuildFile; fileRef = 88A8476C20A5D59000C2A520 /* AppDelegate.swift */; };
		88A8476F20A5D59000C2A520 /* ViewController.swift in Sources */ = {isa = PBXBuildFile; fileRef = 88A8476E20A5D59000C2A520 /* ViewController.swift */; };
		88A8477220A5D59000C2A520 /* Main.storyboard in Resources */ = {isa = PBXBuildFile; fileRef = 88A8477020A5D59000C2A520 /* Main.storyboard */; };
		88A8477420A5D59000C2A520 /* Assets.xcassets in Resources */ = {isa = PBXBuildFile; fileRef = 88A8477320A5D59000C2A520 /* Assets.xcassets */; };
		88A8477720A5D59000C2A520 /* LaunchScreen.storyboard in Resources */ = {isa = PBXBuildFile; fileRef = 88A8477520A5D59000C2A520 /* LaunchScreen.storyboard */; };
/* End PBXBuildFile section */

/* Begin PBXFileReference section */
		88A8476920A5D59000C2A520 /* webs.app */ = {isa = PBXFileReference; explicitFileType = wrapper.application; includeInIndex = 0; path = webs.app; sourceTree = BUILT_PRODUCTS_DIR; };
		88A8476C20A5D59000C2A520 /* AppDelegate.swift */ = {isa = PBXFileReference; lastKnownFileType = sourcecode.swift; path = AppDelegate.swift; sourceTree = "<group>"; };
		88A8476E20A5D59000C2A520 /* ViewController.swift */ = {isa = PBXFileReference; lastKnownFileType = sourcecode.swift; path = ViewController.swift; sourceTree = "<group>"; };
		88A8477120A5D59000C2A520 /* Base */ = {isa = PBXFileReference; lastKnownFileType = file.storyboard; name = Base; path = Base.lproj/Main.storyboard; sourceTree = "<group>"; };
		88A8477320A5D59000C2A520 /* Assets.xcassets */ = {isa = PBXFileReference; lastKnownFileType = folder.assetcatalog; path = Assets.xcassets; sourceTree = "<group>"; };
		88A8477620A5D59000C2A520 /* Base */ = {isa = PBXFileReference; lastKnownFileType = file.storyboard; name = Base; path = Base.lproj/LaunchScreen.storyboard; sourceTree = "<group>"; };
		88A8477820A5D59000C2A520 /* Info.plist */ = {isa = PBXFileReference; lastKnownFileType = text.plist.xml; path = Info.plist; sourceTree = "<group>"; };
/* End PBXFileReference section */

/* Begin PBXFrameworksBuildPhase section */
		88A8476620A5D59000C2A520 /* Frameworks */ = {
			isa = PBXFrameworksBuildPhase;
			buildActionMask = 2147483647;
			files = (
			);
			runOnlyForDeploymentPostprocessing = 0;
		};
/* End PBXFrameworksBuildPhase section */

/* Begin PBXGroup section */
		88A8476020A5D59000C2A520 = {
			isa = PBXGroup;
			children = (
				88A8476B20A5D59000C2A520 /* webs */,
				88A8476A20A5D59000C2A520 /* Products */,
			);
			sourceTree = "<group>";
		};
		88A8476A20A5D59000C2A520 /* Products */ = {
			isa = PBXGroup;
			children = (
				88A8476920A5D59000C2A520 /* webs.app */,
			);
			name = Products;
			sourceTree = "<group>";
		};
		88A8476B20A5D59000C2A520 /* webs */ = {
			isa = PBXGroup;
			children = (
				88A8476C20A5D59000C2A520 /* AppDelegate.swift */,
				88A8476E20A5D59000C2A520 /* ViewController.swift */,
				88A8477020A5D59000C2A520 /* Main.storyboard */,
				88A8477320A5D59000C2A520 /* Assets.xcassets */,
				88A8477520A5D59000C2A520 /* LaunchScreen.storyboard */,
				88A8477820A5D59000C2A520 /* Info.plist */,
			);
			path = webs;
			sourceTree = "<group>";
		};
/* End PBXGroup section */

/* Begin PBXNativeTarget section */
		88A8476820A5D59000C2A520 /* webs */ = {
			isa = PBXNativeTarget;
			buildConfigurationList = 88A8477B20A5D59000C2A520 /* Build configuration list for PBXNativeTarget "webs" */;
			buildPhases = (
				88A8476520A5D59000C2A520 /* Sources */,
				88A8476620A5D59000C2A520 /* Frameworks */,
				88A8476720A5D59000C2A520 /* Resources */,
			);
			buildRules = (
			);
			dependencies = (
			);
			name = webs;
			productName = webs;
			productReference = 88A8476920A5D59000C2A520 /* webs.app */;
			productType = "com.apple.product-type.application";
		};
/* End PBXNativeTarget section */

/* Begin PBXProject section */
		88A8476120A5D59000C2A520 /* Project object */ = {
			isa = PBXProject;
			attributes = {
				LastSwiftUpdateCheck = 0830;
				LastUpgradeCheck = 0830;
				ORGANIZATIONNAME = ipvc.estg;
				TargetAttributes = {
					88A8476820A5D59000C2A520 = {
						CreatedOnToolsVersion = 8.3.1;
						ProvisioningStyle = Automatic;
					};
				};
			};
			buildConfigurationList = 88A8476420A5D59000C2A520 /* Build configuration list for PBXProject "webs" */;
			compatibilityVersion = "Xcode 3.2";
			developmentRegion = English;
			hasScannedForEncodings = 0;
			knownRegions = (
				en,
				Base,
			);
			mainGroup = 88A8476020A5D59000C2A520;
			productRefGroup = 88A8476A20A5D59000C2A520 /* Products */;
			projectDirPath = "";
			projectRoot = "";
			targets = (
				88A8476820A5D59000C2A520 /* webs */,
			);
		};
/* End PBXProject section */

/* Begin PBXResourcesBuildPhase section */
		88A8476720A5D59000C2A520 /* Resources */ = {
			isa = PBXResourcesBuildPhase;
			buildActionMask = 2147483647;
			files = (
				88A8477720A5D59000C2A520 /* LaunchScreen.storyboard in Resources */,
				88A8477420A5D59000C2A520 /* Assets.xcassets in Resources */,
				88A8477220A5D59000C2A520 /* Main.storyboard in Resources */,
			);
			runOnlyForDeploymentPostprocessing = 0;
		};
/* End PBXResourcesBuildPhase section */

/* Begin PBXSourcesBuildPhase section */
		88A8476520A5D59000C2A520 /* Sources */ = {
			isa = PBXSourcesBuildPhase;
			buildActionMask = 2147483647;
			files = (
				88A8476F20A5D59000C2A520 /* ViewController.swift in Sources */,
				88A8476D20A5D59000C2A520 /* AppDelegate.swift in Sources */,
			);
			runOnlyForDeploymentPostprocessing = 0;
		};
/* End PBXSourcesBuildPhase section */

/* Begin PBXVariantGroup section */
		88A8477020A5D59000C2A520 /* Main.storyboard */ = {
			isa = PBXVariantGroup;
			children = (
				88A8477120A5D59000C2A520 /* Base */,
			);
			name = Main.storyboard;
			sourceTree = "<group>";
		};
		88A8477520A5D59000C2A520 /* LaunchScreen.storyboard */ = {
			isa = PBXVariantGroup;
			children = (
				88A8477620A5D59000C2A520 /* Base */,
			);
			name = LaunchScreen.storyboard;
			sourceTree = "<group>";
		};
/* End PBXVariantGroup section */

/* Begin XCBuildConfiguration section */
		88A8477920A5D59000C2A520 /* Debug */ = {
			isa = XCBuildConfiguration;
			buildSettings = {
				ALWAYS_SEARCH_USER_PATHS = NO;
				CLANG_ANALYZER_NONNULL = YES;
				CLANG_ANALYZER_NUMBER_OBJECT_CONVERSION = YES_AGGRESSIVE;
				CLANG_CXX_LANGUAGE_STANDARD = "gnu++0x";
				CLANG_CXX_LIBRARY = "libc++";
				CLANG_ENABLE_MODULES = YES;
				CLANG_ENABLE_OBJC_ARC = YES;
				CLANG_WARN_BOOL_CONVERSION = YES;
				CLANG_WARN_CONSTANT_CONVERSION = YES;
				CLANG_WARN_DIRECT_OBJC_ISA_USAGE = YES_ERROR;
				CLANG_WARN_DOCUMENTATION_COMMENTS = YES;
				CLANG_WARN_EMPTY_BODY = YES;
				CLANG_WARN_ENUM_CONVERSION = YES;
				CLANG_WARN_INFINITE_RECURSION = YES;
				CLANG_WARN_INT_CONVERSION = YES;
				CLANG_WARN_OBJC_ROOT_CLASS = YES_ERROR;
				CLANG_WARN_SUSPICIOUS_MOVE = YES;
				CLANG_WARN_UNREACHABLE_CODE = YES;
				CLANG_WARN__DUPLICATE_METHOD_MATCH = YES;
				"CODE_SIGN_IDENTITY[sdk=iphoneos*]" = "iPhone Developer";
				COPY_PHASE_STRIP = NO;
				DEBUG_INFORMATION_FORMAT = dwarf;
				ENABLE_STRICT_OBJC_MSGSEND = YES;
				ENABLE_TESTABILITY = YES;
				GCC_C_LANGUAGE_STANDARD = gnu99;
				GCC_DYNAMIC_NO_PIC = NO;
				GCC_NO_COMMON_BLOCKS = YES;
				GCC_OPTIMIZATION_LEVEL = 0;
				GCC_PREPROCESSOR_DEFINITIONS = (
					"DEBUG=1",
					"$(inherited)",
				);
				GCC_WARN_64_TO_32_BIT_CONVERSION = YES;
				GCC_WARN_ABOUT_RETURN_TYPE = YES_ERROR;
				GCC_WARN_UNDECLARED_SELECTOR = YES;
				GCC_WARN_UNINITIALIZED_AUTOS = YES_AGGRESSIVE;
				GCC_WARN_UNUSED_FUNCTION = YES;
				GCC_WARN_UNUSED_VARIABLE = YES;
				IPHONEOS_DEPLOYMENT_TARGET = 10.3;
				MTL_ENABLE_DEBUG_INFO = YES;
				ONLY_ACTIVE_ARCH = YES;
				SDKROOT = iphoneos;
				SWIFT_ACTIVE_COMPILATION_CONDITIONS = DEBUG;
				SWIFT_OPTIMIZATION_LEVEL = "-Onone";
				TARGETED_DEVICE_FAMILY = "1,2";
			};
			name = Debug;
		};
		88A8477A20A5D59000C2A520 /* Release */ = {
			isa = XCBuildConfiguration;
			buildSettings = {
				ALWAYS_SEARCH_USER_PATHS = NO;
				CLANG_ANALYZER_NONNULL = YES;
				CLANG_ANALYZER_NUMBER_OBJECT_CONVERSION = YES_AGGRESSIVE;
				CLANG_CXX_LANGUAGE_STANDARD = "gnu++0x";
				CLANG_CXX_LIBRARY = "libc++";
				CLANG_ENABLE_MODULES = YES;
				CLANG_ENABLE_OBJC_ARC = YES;
				CLANG_WARN_BOOL_CONVERSION = YES;
				CLANG_WARN_CONSTANT_CONVERSION = YES;
				CLANG_WARN_DIRECT_OBJC_ISA_USAGE = YES_ERROR;
				CLANG_WARN_DOCUMENTATION_COMMENTS = YES;
				CLANG_WARN_EMPTY_BODY = YES;
				CLANG_WARN_ENUM_CONVERSION = YES;
				CLANG_WARN_INFINITE_RECURSION = YES;
				CLANG_WARN_INT_CONVERSION = YES;
				CLANG_WARN_OBJC_ROOT_CLASS = YES_ERROR;
				CLANG_WARN_SUSPICIOUS_MOVE = YES;
				CLANG_WARN_UNREACHABLE_CODE = YES;
				CLANG_WARN__DUPLICATE_METHOD_MATCH = YES;
				"CODE_SIGN_IDENTITY[sdk=iphoneos*]" = "iPhone Developer";
				COPY_PHASE_STRIP = NO;
				DEBUG_INFORMATION_FORMAT = "dwarf-with-dsym";
				ENABLE_NS_ASSERTIONS = NO;
				ENABLE_STRICT_OBJC_MSGSEND = YES;
				GCC_C_LANGUAGE_STANDARD = gnu99;
				GCC_NO_COMMON_BLOCKS = YES;
				GCC_WARN_64_TO_32_BIT_CONVERSION = YES;
				GCC_WARN_ABOUT_RETURN_TYPE = YES_ERROR;
				GCC_WARN_UNDECLARED_SELECTOR = YES;
				GCC_WARN_UNINITIALIZED_AUTOS = YES_AGGRESSIVE;
				GCC_WARN_UNUSED_FUNCTION = YES;
				GCC_WARN_UNUSED_VARIABLE = YES;
				IPHONEOS_DEPLOYMENT_TARGET = 10.3;
				MTL_ENABLE_DEBUG_INFO = NO;
				SDKROOT = iphoneos;
				SWIFT_OPTIMIZATION_LEVEL = "-Owholemodule";
				TARGETED_DEVICE_FAMILY = "1,2";
				VALIDATE_PRODUCT = YES;
			};
			name = Release;
		};
		88A8477C20A5D59000C2A520 /* Debug */ = {
			isa = XCBuildConfiguration;
			buildSettings = {
				ASSETCATALOG_COMPILER_APPICON_NAME = AppIcon;
				INFOPLIST_FILE = webs/Info.plist;
				LD_RUNPATH_SEARCH_PATHS = "$(inherited) @executable_path/Frameworks";
				PRODUCT_BUNDLE_IDENTIFIER = ipvc.estg.webs;
				PRODUCT_NAME = "$(TARGET_NAME)";
				SWIFT_VERSION = 3.0;
			};
			name = Debug;
		};
		88A8477D20A5D59000C2A520 /* Release */ = {
			isa = XCBuildConfiguration;
			buildSettings = {
				ASSETCATALOG_COMPILER_APPICON_NAME = AppIcon;
				INFOPLIST_FILE = webs/Info.plist;
				LD_RUNPATH_SEARCH_PATHS = "$(inherited) @executable_path/Frameworks";
				PRODUCT_BUNDLE_IDENTIFIER = ipvc.estg.webs;
				PRODUCT_NAME = "$(TARGET_NAME)";
				SWIFT_VERSION = 3.0;
			};
			name = Release;
		};
/* End XCBuildConfiguration section */

/* Begin XCConfigurationList section */
		88A8476420A5D59000C2A520 /* Build configuration list for PBXProject "webs" */ = {
			isa = XCConfigurationList;
			buildConfigurations = (
				88A8477920A5D59000C2A520 /* Debug */,
				88A8477A20A5D59000C2A520 /* Release */,
			);
			defaultConfigurationIsVisible = 0;
			defaultConfigurationName = Release;
		};
		88A8477B20A5D59000C2A520 /* Build configuration list for PBXNativeTarget "webs" */ = {
			isa = XCConfigurationList;
			buildConfigurations = (
				88A8477C20A5D59000C2A520 /* Debug */,
				88A8477D20A5D59000C2A520 /* Release */,
			);
			defaultConfigurationIsVisible = 0;
		};
/* End XCConfigurationList section */
	};
	rootObject = 88A8476120A5D59000C2A520 /* Project object */;
}
